
Microsoft Visual Studio Solution File, Format Version 12.00
# Visual Studio 2013
VisualStudioVersion = 12.0.21005.1
MinimumVisualStudioVersion = 10.0.40219.1
Project("{FAE04EC0-301F-11D3-BF4B-00C04F79EFBC}") = "StockApiReatime", "StockApiReatime\StockApiReatime.csproj", "{B12AADE4-EF84-4B0E-A28C-3DE55732BF70}"
EndProject
Project("{FAE04EC0-301F-11D3-BF4B-00C04F79EFBC}") = "StockPosts", "StockPosts\StockPosts.csproj", "{EAC7B9C9-5BA5-46F9-A26F-56E5C3DC10DD}"
EndProject
Global
	GlobalSection(SolutionConfigurationPlatforms) = preSolution
		Debug|Any CPU = Debug|Any CPU
		Release|Any CPU = Release|Any CPU
	EndGlobalSection
	GlobalSection(ProjectConfigurationPlatforms) = postSolution
		{B12AADE4-EF84-4B0E-A28C-3DE55732BF70}.Debug|Any CPU.ActiveCfg = Debug|Any CPU
		{B12AADE4-EF84-4B0E-A28C-3DE55732BF70}.Debug|Any CPU.Build.0 = Debug|Any CPU
		{B12AADE4-EF84-4B0E-A28C-3DE55732BF70}.Release|Any CPU.ActiveCfg = Release|Any CPU
		{B12AADE4-EF84-4B0E-A28C-3DE55732BF70}.Release|Any CPU.Build.0 = Release|Any CPU
		{EAC7B9C9-5BA5-46F9-A26F-56E5C3DC10DD}.Debug|Any CPU.ActiveCfg = Debug|Any CPU
		{EAC7B9C9-5BA5-46F9-A26F-56E5C3DC10DD}.Debug|Any CPU.Build.0 = Debug|Any CPU
		{EAC7B9C9-5BA5-46F9-A26F-56E5C3DC10DD}.Release|Any CPU.ActiveCfg = Release|Any CPU
		{EAC7B9C9-5BA5-46F9-A26F-56E5C3DC10DD}.Release|Any CPU.Build.0 = Release|Any CPU
	EndGlobalSection
	GlobalSection(SolutionProperties) = preSolution
		HideSolutionNode = FALSE
	EndGlobalSection
EndGlobal
