
Microsoft Visual Studio Solution File, Format Version 12.00
# Visual Studio 2013
VisualStudioVersion = 12.0.21005.1
MinimumVisualStudioVersion = 10.0.40219.1
Project("{FAE04EC0-301F-11D3-BF4B-00C04F79EFBC}") = "TinyURL", "TinyURL\TinyURL.csproj", "{26C4DD0D-10FC-47EB-B4D9-D2B2CEEA8DAF}"
EndProject
Global
	GlobalSection(SolutionConfigurationPlatforms) = preSolution
		Debug|Any CPU = Debug|Any CPU
		Release|Any CPU = Release|Any CPU
	EndGlobalSection
	GlobalSection(ProjectConfigurationPlatforms) = postSolution
		{26C4DD0D-10FC-47EB-B4D9-D2B2CEEA8DAF}.Debug|Any CPU.ActiveCfg = Debug|Any CPU
		{26C4DD0D-10FC-47EB-B4D9-D2B2CEEA8DAF}.Debug|Any CPU.Build.0 = Debug|Any CPU
		{26C4DD0D-10FC-47EB-B4D9-D2B2CEEA8DAF}.Release|Any CPU.ActiveCfg = Release|Any CPU
		{26C4DD0D-10FC-47EB-B4D9-D2B2CEEA8DAF}.Release|Any CPU.Build.0 = Release|Any CPU
	EndGlobalSection
	GlobalSection(SolutionProperties) = preSolution
		HideSolutionNode = FALSE
	EndGlobalSection
EndGlobal
